<?xml version="1.0" encoding="utf-8"?>
<Project ToolsVersion="4.0" xmlns="http://schemas.microsoft.com/developer/msbuild/2003">
  <ItemGroup>
    <Filter Include="Source Files">
      <UniqueIdentifier>{dda57a50-3495-4528-88ac-872eb7d22b26}</UniqueIdentifier>
      <Extensions>cpp;c;cxx;rc;def;r;odl;idl;hpj;bat</Extensions>
    </Filter>
    <Filter Include="PNG">
      <UniqueIdentifier>{221a7082-6244-407a-9ecf-26b11e1a1776}</UniqueIdentifier>
    </Filter>
    <Filter Include="..\..\externals\zlib">
      <UniqueIdentifier>{b1911bd9-0696-4326-a907-3ed8ec98e44a}</UniqueIdentifier>
    </Filter>
  </ItemGroup>
  <ItemGroup>
    <ClCompile Include="xe.color.cpp">
      <Filter>Source Files</Filter>
    </ClCompile>
    <ClCompile Include="xe.dib.8bit.cpp">
      <Filter>Source Files</Filter>
    </ClCompile>
    <ClCompile Include="xe.dib.cache.cpp">
      <Filter>Source Files</Filter>
    </ClCompile>
    <ClCompile Include="xe.dib.cpp">
      <Filter>Source Files</Filter>
    </ClCompile>
    <ClCompile Include="xe.dib.dchandl.cpp">
      <Filter>Source Files</Filter>
    </ClCompile>
    <ClCompile Include="xe.dib.filters.cpp">
      <Filter>Source Files</Filter>
    </ClCompile>
    <ClCompile Include="xe.dib.fx.cpp">
      <Filter>Source Files</Filter>
    </ClCompile>
    <ClCompile Include="xe.dib.grayhandl.cpp">
      <Filter>Source Files</Filter>
    </ClCompile>
    <ClCompile Include="xe.dib.llproc.cpp">
      <Filter>Source Files</Filter>
    </ClCompile>
    <ClCompile Include="xe.dib.loader.cpp">
      <Filter>Source Files</Filter>
    </ClCompile>
    <ClCompile Include="xe.dib.mem.cpp">
      <Filter>Source Files</Filter>
    </ClCompile>
    <ClCompile Include="xe.dib.primitives.cpp">
      <Filter>Source Files</Filter>
    </ClCompile>
    <ClCompile Include="xe.dib.saver.cpp">
      <Filter>Source Files</Filter>
    </ClCompile>
    <ClCompile Include="xe.dib.text.cpp">
      <Filter>Source Files</Filter>
    </ClCompile>
    <ClCompile Include="xe.dib.transform.cpp">
      <Filter>Source Files</Filter>
    </ClCompile>
    <ClCompile Include="xe.dib.transform.fscale.cpp">
      <Filter>Source Files</Filter>
    </ClCompile>
    <ClCompile Include="..\..\externals\zlib\adler32.c">
      <Filter>..\..\externals\zlib</Filter>
    </ClCompile>
    <ClCompile Include="..\..\externals\zlib\compress.c">
      <Filter>..\..\externals\zlib</Filter>
    </ClCompile>
    <ClCompile Include="..\..\externals\zlib\crc32.c">
      <Filter>..\..\externals\zlib</Filter>
    </ClCompile>
    <ClCompile Include="..\..\externals\zlib\deflate.c">
      <Filter>..\..\externals\zlib</Filter>
    </ClCompile>
    <ClCompile Include="..\..\externals\zlib\infblock.c">
      <Filter>..\..\externals\zlib</Filter>
    </ClCompile>
    <ClCompile Include="..\..\externals\zlib\infcodes.c">
      <Filter>..\..\externals\zlib</Filter>
    </ClCompile>
    <ClCompile Include="..\..\externals\zlib\inffast.c">
      <Filter>..\..\externals\zlib</Filter>
    </ClCompile>
    <ClCompile Include="..\..\externals\zlib\inflate.c">
      <Filter>..\..\externals\zlib</Filter>
    </ClCompile>
    <ClCompile Include="..\..\externals\zlib\inftrees.c">
      <Filter>..\..\externals\zlib</Filter>
    </ClCompile>
    <ClCompile Include="..\..\externals\zlib\infutil.c">
      <Filter>..\..\externals\zlib</Filter>
    </ClCompile>
    <ClCompile Include="..\..\externals\zlib\maketree.c">
      <Filter>..\..\externals\zlib</Filter>
    </ClCompile>
    <ClCompile Include="..\..\externals\zlib\trees.c">
      <Filter>..\..\externals\zlib</Filter>
    </ClCompile>
    <ClCompile Include="..\..\externals\zlib\uncompr.c">
      <Filter>..\..\externals\zlib</Filter>
    </ClCompile>
    <ClCompile Include="..\..\externals\zlib\zutil.c">
      <Filter>..\..\externals\zlib</Filter>
    </ClCompile>
    <ClCompile Include="..\..\externals\libpng\png.c">
      <Filter>PNG</Filter>
    </ClCompile>
    <ClCompile Include="..\..\externals\libpng\pngerror.c">
      <Filter>PNG</Filter>
    </ClCompile>
    <ClCompile Include="..\..\externals\libpng\pnggccrd.c">
      <Filter>PNG</Filter>
    </ClCompile>
    <ClCompile Include="..\..\externals\libpng\pngget.c">
      <Filter>PNG</Filter>
    </ClCompile>
    <ClCompile Include="..\..\externals\libpng\pngmem.c">
      <Filter>PNG</Filter>
    </ClCompile>
    <ClCompile Include="..\..\externals\libpng\pngpread.c">
      <Filter>PNG</Filter>
    </ClCompile>
    <ClCompile Include="..\..\externals\libpng\pngread.c">
      <Filter>PNG</Filter>
    </ClCompile>
    <ClCompile Include="..\..\externals\libpng\pngrio.c">
      <Filter>PNG</Filter>
    </ClCompile>
    <ClCompile Include="..\..\externals\libpng\pngrtran.c">
      <Filter>PNG</Filter>
    </ClCompile>
    <ClCompile Include="..\..\externals\libpng\pngrutil.c">
      <Filter>PNG</Filter>
    </ClCompile>
    <ClCompile Include="..\..\externals\libpng\pngset.c">
      <Filter>PNG</Filter>
    </ClCompile>
    <ClCompile Include="..\..\externals\libpng\pngtrans.c">
      <Filter>PNG</Filter>
    </ClCompile>
    <ClCompile Include="..\..\externals\libpng\pngvcrd.c">
      <Filter>PNG</Filter>
    </ClCompile>
    <ClCompile Include="..\..\externals\libpng\pngwio.c">
      <Filter>PNG</Filter>
    </ClCompile>
    <ClCompile Include="..\..\externals\libpng\pngwrite.c">
      <Filter>PNG</Filter>
    </ClCompile>
    <ClCompile Include="..\..\externals\libpng\pngwtran.c">
      <Filter>PNG</Filter>
    </ClCompile>
    <ClCompile Include="..\..\externals\libpng\pngwutil.c">
      <Filter>PNG</Filter>
    </ClCompile>
  </ItemGroup>
  <ItemGroup>
    <ClInclude Include="xe.color.h">
      <Filter>Source Files</Filter>
    </ClInclude>
    <ClInclude Include="xe.cursor.h">
      <Filter>Source Files</Filter>
    </ClInclude>
    <ClInclude Include="xe.dc.h">
      <Filter>Source Files</Filter>
    </ClInclude>
    <ClInclude Include="xe.dc.hlp.h">
      <Filter>Source Files</Filter>
    </ClInclude>
    <ClInclude Include="xe.dib.8bit.h">
      <Filter>Source Files</Filter>
    </ClInclude>
    <ClInclude Include="xe.dib.cache.h">
      <Filter>Source Files</Filter>
    </ClInclude>
    <ClInclude Include="xe.dib.h">
      <Filter>Source Files</Filter>
    </ClInclude>
    <ClInclude Include="xe.dib.llproc.h">
      <Filter>Source Files</Filter>
    </ClInclude>
    <ClInclude Include="xe.font.h">
      <Filter>Source Files</Filter>
    </ClInclude>
    <ClInclude Include="xe.gray.dib.h">
      <Filter>Source Files</Filter>
    </ClInclude>
    <ClInclude Include="xe.memorydc.h">
      <Filter>Source Files</Filter>
    </ClInclude>
    <ClInclude Include="xe.std.h">
      <Filter>Source Files</Filter>
    </ClInclude>
    <ClInclude Include="..\..\externals\zlib\deflate.h">
      <Filter>..\..\externals\zlib</Filter>
    </ClInclude>
    <ClInclude Include="..\..\externals\zlib\infblock.h">
      <Filter>..\..\externals\zlib</Filter>
    </ClInclude>
    <ClInclude Include="..\..\externals\zlib\infcodes.h">
      <Filter>..\..\externals\zlib</Filter>
    </ClInclude>
    <ClInclude Include="..\..\externals\zlib\inffast.h">
      <Filter>..\..\externals\zlib</Filter>
    </ClInclude>
    <ClInclude Include="..\..\externals\zlib\inffixed.h">
      <Filter>..\..\externals\zlib</Filter>
    </ClInclude>
    <ClInclude Include="..\..\externals\zlib\inftrees.h">
      <Filter>..\..\externals\zlib</Filter>
    </ClInclude>
    <ClInclude Include="..\..\externals\zlib\infutil.h">
      <Filter>..\..\externals\zlib</Filter>
    </ClInclude>
    <ClInclude Include="..\..\externals\zlib\trees.h">
      <Filter>..\..\externals\zlib</Filter>
    </ClInclude>
    <ClInclude Include="..\..\externals\zlib\zconf.h">
      <Filter>..\..\externals\zlib</Filter>
    </ClInclude>
    <ClInclude Include="..\..\externals\zlib\zlib.h">
      <Filter>..\..\externals\zlib</Filter>
    </ClInclude>
    <ClInclude Include="..\..\externals\zlib\zutil.h">
      <Filter>..\..\externals\zlib</Filter>
    </ClInclude>
    <ClInclude Include="..\..\externals\libpng\png.h">
      <Filter>PNG</Filter>
    </ClInclude>
    <ClInclude Include="..\..\externals\libpng\pngasmrd.h">
      <Filter>PNG</Filter>
    </ClInclude>
    <ClInclude Include="..\..\externals\libpng\pngconf.h">
      <Filter>PNG</Filter>
    </ClInclude>
  </ItemGroup>
</Project>